
Microsoft Visual Studio Solution File, Format Version 12.00
# Visual Studio Version 16
VisualStudioVersion = 16.0.29230.47
MinimumVisualStudioVersion = 10.0.40219.1
Project("{FAE04EC0-301F-11D3-BF4B-00C04F79EFBC}") = "Compilador", "Compilador\Compilador.csproj", "{133784F3-5E40-4931-9A0A-552530C842A6}"
EndProject
Global
	GlobalSection(SolutionConfigurationPlatforms) = preSolution
		Debug|Any CPU = Debug|Any CPU
		Release|Any CPU = Release|Any CPU
	EndGlobalSection
	GlobalSection(ProjectConfigurationPlatforms) = postSolution
		{133784F3-5E40-4931-9A0A-552530C842A6}.Debug|Any CPU.ActiveCfg = Debug|Any CPU
		{133784F3-5E40-4931-9A0A-552530C842A6}.Debug|Any CPU.Build.0 = Debug|Any CPU
		{133784F3-5E40-4931-9A0A-552530C842A6}.Release|Any CPU.ActiveCfg = Release|Any CPU
		{133784F3-5E40-4931-9A0A-552530C842A6}.Release|Any CPU.Build.0 = Release|Any CPU
	EndGlobalSection
	GlobalSection(SolutionProperties) = preSolution
		HideSolutionNode = FALSE
	EndGlobalSection
	GlobalSection(ExtensibilityGlobals) = postSolution
		SolutionGuid = {31559D34-BFAD-4045-8282-D236BB893135}
	EndGlobalSection
EndGlobal
